FORGE
  remote: https://forgeapi.puppet.com
  specs:
    markt-solr (3.2.0)
      puppet-archive (>= 5.0.0, < 8.0.0)
      puppet-systemd (>= 3.5.0, < 6.0.0)
      puppetlabs-java (>= 7.0.0, < 11.0.0)
      puppetlabs-stdlib (>= 6.6.0, < 10.0.0)
      saz-limits (>= 3.0.0, < 4.0.0)
    puppet-archive (7.0.0)
      puppetlabs-stdlib (>= 4.18.0, < 10.0.0)
    puppet-epel (4.1.0)
    puppet-nginx (5.0.0)
      puppetlabs-concat (>= 4.1.0, < 10.0.0)
      puppetlabs-stdlib (>= 5.0.0, < 10.0.0)
    puppet-python (7.0.0)
      puppet-epel (>= 3.0.0, < 5.0.0)
      puppetlabs-stdlib (>= 4.19.0, < 10.0.0)
    puppet-systemd (4.2.0)
      puppetlabs-inifile (>= 1.6.0, < 6.0.0)
      puppetlabs-stdlib (>= 4.13.1, < 9.0.0)
    puppetlabs-apt (9.0.2)
      puppetlabs-stdlib (>= 4.16.0, < 9.0.0)
    puppetlabs-concat (8.0.1)
      puppetlabs-stdlib (>= 4.13.1, < 9.0.0)
    puppetlabs-inifile (5.4.1)
      puppetlabs-stdlib (>= 4.13.0, < 9.0.0)
    puppetlabs-java (10.1.2)
      puppet-archive (>= 1.1.0, < 8.0.0)
      puppetlabs-stdlib (>= 4.13.1, < 10.0.0)
    puppetlabs-postgresql (9.1.0)
      puppet-systemd (>= 4.0.1, < 5.0.0)
      puppetlabs-apt (>= 2.0.0, < 10.0.0)
      puppetlabs-concat (>= 4.1.0, < 9.0.0)
      puppetlabs-stdlib (>= 5.2.0, < 10.0.0)
    puppetlabs-stdlib (8.6.0)
    saz-limits (3.1.0)

PATH
  remote: ./civet
  specs:
    qbrc-civet (0.1.0)
      markt-solr (= 3.2.0)
      puppet-nginx (= 5.0.0)
      puppet-python (= 7.0.0)
      puppetlabs-apt (= 9.0.2)
      puppetlabs-java (= 10.1.2)
      puppetlabs-postgresql (= 9.1.0)
      puppetlabs-stdlib (= 8.6.0)

DEPENDENCIES
  qbrc-civet (= 0.1.0)

